
Microsoft Visual Studio Solution File, Format Version 12.00
# Visual Studio 14
VisualStudioVersion = 14.0.25420.1
MinimumVisualStudioVersion = 10.0.40219.1
Project("{FAE04EC0-301F-11D3-BF4B-00C04F79EFBC}") = "just", "just.csproj", "{939A5117-D92B-420B-81EA-43C5FD02571A}"
EndProject
Global
	GlobalSection(SolutionConfigurationPlatforms) = preSolution
		Debug|Any CPU = Debug|Any CPU
		Release|Any CPU = Release|Any CPU
	EndGlobalSection
	GlobalSection(ProjectConfigurationPlatforms) = postSolution
		{939A5117-D92B-420B-81EA-43C5FD02571A}.Debug|Any CPU.ActiveCfg = Debug|Any CPU
		{939A5117-D92B-420B-81EA-43C5FD02571A}.Debug|Any CPU.Build.0 = Debug|Any CPU
		{939A5117-D92B-420B-81EA-43C5FD02571A}.Release|Any CPU.ActiveCfg = Release|Any CPU
		{939A5117-D92B-420B-81EA-43C5FD02571A}.Release|Any CPU.Build.0 = Release|Any CPU
	EndGlobalSection
	GlobalSection(SolutionProperties) = preSolution
		HideSolutionNode = FALSE
	EndGlobalSection
EndGlobal
